
Microsoft Visual Studio Solution File, Format Version 12.00
# Visual Studio 2013
VisualStudioVersion = 12.0.31101.0
MinimumVisualStudioVersion = 10.0.40219.1
Project("{FAE04EC0-301F-11D3-BF4B-00C04F79EFBC}") = "Ballance.StarDate.Tests", "Ballance.StarDate.Tests.csproj", "{34DCC542-C735-4FD2-BAF5-F884249B4103}"
EndProject
Project("{FAE04EC0-301F-11D3-BF4B-00C04F79EFBC}") = "Ballance.StarDate", "..\Ballance.StarDate\Ballance.StarDate.csproj", "{4DB10811-E9CC-443F-8DEB-49E2574B4374}"
EndProject
Project("{2150E333-8FDC-42A3-9474-1A3956D46DE8}") = ".nuget", ".nuget", "{51CB125A-4464-4D12-8853-386CFCB01D3C}"
	ProjectSection(SolutionItems) = preProject
		.nuget\packages.config = .nuget\packages.config
	EndProjectSection
EndProject
Global
	GlobalSection(SolutionConfigurationPlatforms) = preSolution
		Debug|Any CPU = Debug|Any CPU
		Release|Any CPU = Release|Any CPU
	EndGlobalSection
	GlobalSection(ProjectConfigurationPlatforms) = postSolution
		{34DCC542-C735-4FD2-BAF5-F884249B4103}.Debug|Any CPU.ActiveCfg = Debug|Any CPU
		{34DCC542-C735-4FD2-BAF5-F884249B4103}.Debug|Any CPU.Build.0 = Debug|Any CPU
		{34DCC542-C735-4FD2-BAF5-F884249B4103}.Release|Any CPU.ActiveCfg = Release|Any CPU
		{34DCC542-C735-4FD2-BAF5-F884249B4103}.Release|Any CPU.Build.0 = Release|Any CPU
		{4DB10811-E9CC-443F-8DEB-49E2574B4374}.Debug|Any CPU.ActiveCfg = Debug|Any CPU
		{4DB10811-E9CC-443F-8DEB-49E2574B4374}.Debug|Any CPU.Build.0 = Debug|Any CPU
		{4DB10811-E9CC-443F-8DEB-49E2574B4374}.Release|Any CPU.ActiveCfg = Release|Any CPU
		{4DB10811-E9CC-443F-8DEB-49E2574B4374}.Release|Any CPU.Build.0 = Release|Any CPU
	EndGlobalSection
	GlobalSection(SolutionProperties) = preSolution
		HideSolutionNode = FALSE
	EndGlobalSection
EndGlobal
